
Microsoft Visual Studio Solution File, Format Version 12.00
# Visual Studio Version 17
VisualStudioVersion = 17.11.35222.181
MinimumVisualStudioVersion = 10.0.40219.1
Project("{FAE04EC0-301F-11D3-BF4B-00C04F79EFBC}") = "API_Web", "API_Web\API_Web.csproj", "{65F34D15-17A1-4450-8A17-0C040C9A1A92}"
EndProject
Global
	GlobalSection(SolutionConfigurationPlatforms) = preSolution
		Debug|Any CPU = Debug|Any CPU
		Release|Any CPU = Release|Any CPU
	EndGlobalSection
	GlobalSection(ProjectConfigurationPlatforms) = postSolution
		{65F34D15-17A1-4450-8A17-0C040C9A1A92}.Debug|Any CPU.ActiveCfg = Debug|Any CPU
		{65F34D15-17A1-4450-8A17-0C040C9A1A92}.Debug|Any CPU.Build.0 = Debug|Any CPU
		{65F34D15-17A1-4450-8A17-0C040C9A1A92}.Release|Any CPU.ActiveCfg = Release|Any CPU
		{65F34D15-17A1-4450-8A17-0C040C9A1A92}.Release|Any CPU.Build.0 = Release|Any CPU
	EndGlobalSection
	GlobalSection(SolutionProperties) = preSolution
		HideSolutionNode = FALSE
	EndGlobalSection
	GlobalSection(ExtensibilityGlobals) = postSolution
		SolutionGuid = {B6E67053-15BD-41C0-9D52-0916B6884CF0}
	EndGlobalSection
EndGlobal
